
Microsoft Visual Studio Solution File, Format Version 12.00
# Visual Studio Version 17
VisualStudioVersion = 17.4.33213.308
MinimumVisualStudioVersion = 10.0.40219.1
Project("{9A19103F-16F7-4668-BE54-9A1E7A4F7556}") = "MessageClientApp", "MessageClientApp\MessageClientApp.csproj", "{2475E0C0-89FC-4075-85AF-52A24F94D68D}"
EndProject
Project("{9A19103F-16F7-4668-BE54-9A1E7A4F7556}") = "ServerApp", "ServerApp\ServerApp.csproj", "{60D7D1F1-57AF-4E13-9F3F-A4FE348825B7}"
EndProject
Project("{FAE04EC0-301F-11D3-BF4B-00C04F79EFBC}") = "MsgInfo", "MsgInfo\MsgInfo.csproj", "{33D7A4B1-1158-4483-801D-E7831993E85C}"
EndProject
Global
	GlobalSection(SolutionConfigurationPlatforms) = preSolution
		Debug|Any CPU = Debug|Any CPU
		Release|Any CPU = Release|Any CPU
	EndGlobalSection
	GlobalSection(ProjectConfigurationPlatforms) = postSolution
		{2475E0C0-89FC-4075-85AF-52A24F94D68D}.Debug|Any CPU.ActiveCfg = Debug|Any CPU
		{2475E0C0-89FC-4075-85AF-52A24F94D68D}.Debug|Any CPU.Build.0 = Debug|Any CPU
		{2475E0C0-89FC-4075-85AF-52A24F94D68D}.Release|Any CPU.ActiveCfg = Release|Any CPU
		{2475E0C0-89FC-4075-85AF-52A24F94D68D}.Release|Any CPU.Build.0 = Release|Any CPU
		{60D7D1F1-57AF-4E13-9F3F-A4FE348825B7}.Debug|Any CPU.ActiveCfg = Debug|Any CPU
		{60D7D1F1-57AF-4E13-9F3F-A4FE348825B7}.Debug|Any CPU.Build.0 = Debug|Any CPU
		{60D7D1F1-57AF-4E13-9F3F-A4FE348825B7}.Release|Any CPU.ActiveCfg = Release|Any CPU
		{60D7D1F1-57AF-4E13-9F3F-A4FE348825B7}.Release|Any CPU.Build.0 = Release|Any CPU
		{33D7A4B1-1158-4483-801D-E7831993E85C}.Debug|Any CPU.ActiveCfg = Debug|Any CPU
		{33D7A4B1-1158-4483-801D-E7831993E85C}.Debug|Any CPU.Build.0 = Debug|Any CPU
		{33D7A4B1-1158-4483-801D-E7831993E85C}.Release|Any CPU.ActiveCfg = Release|Any CPU
		{33D7A4B1-1158-4483-801D-E7831993E85C}.Release|Any CPU.Build.0 = Release|Any CPU
	EndGlobalSection
	GlobalSection(SolutionProperties) = preSolution
		HideSolutionNode = FALSE
	EndGlobalSection
	GlobalSection(ExtensibilityGlobals) = postSolution
		SolutionGuid = {3F13792A-6474-4BE7-8A9F-B344ECE53A85}
	EndGlobalSection
EndGlobal
